
Microsoft Visual Studio Solution File, Format Version 12.00
# Visual Studio 15
VisualStudioVersion = 15.0.26228.4
MinimumVisualStudioVersion = 10.0.40219.1
Project("{FAE04EC0-301F-11D3-BF4B-00C04F79EFBC}") = "wfa_20170428", "wfa_20170428\wfa_20170428.csproj", "{72B69DAD-9D1D-493D-8D44-BDF95A78F7A5}"
EndProject
Global
	GlobalSection(SolutionConfigurationPlatforms) = preSolution
		Debug|Any CPU = Debug|Any CPU
		Release|Any CPU = Release|Any CPU
	EndGlobalSection
	GlobalSection(ProjectConfigurationPlatforms) = postSolution
		{72B69DAD-9D1D-493D-8D44-BDF95A78F7A5}.Debug|Any CPU.ActiveCfg = Debug|Any CPU
		{72B69DAD-9D1D-493D-8D44-BDF95A78F7A5}.Debug|Any CPU.Build.0 = Debug|Any CPU
		{72B69DAD-9D1D-493D-8D44-BDF95A78F7A5}.Release|Any CPU.ActiveCfg = Release|Any CPU
		{72B69DAD-9D1D-493D-8D44-BDF95A78F7A5}.Release|Any CPU.Build.0 = Release|Any CPU
	EndGlobalSection
	GlobalSection(SolutionProperties) = preSolution
		HideSolutionNode = FALSE
	EndGlobalSection
EndGlobal
